
Microsoft Visual Studio Solution File, Format Version 12.00
Project("{FAE04EC0-301F-11D3-BF4B-00C04F79EFBC}") = "SoftFocusBackend", "SoftFocusBackend\SoftFocusBackend.csproj", "{C302630A-895F-4E80-87C3-E86C97F039DE}"
EndProject
Global
	GlobalSection(SolutionConfigurationPlatforms) = preSolution
		Debug|Any CPU = Debug|Any CPU
		Release|Any CPU = Release|Any CPU
	EndGlobalSection
	GlobalSection(ProjectConfigurationPlatforms) = postSolution
		{C302630A-895F-4E80-87C3-E86C97F039DE}.Debug|Any CPU.ActiveCfg = Debug|Any CPU
		{C302630A-895F-4E80-87C3-E86C97F039DE}.Debug|Any CPU.Build.0 = Debug|Any CPU
		{C302630A-895F-4E80-87C3-E86C97F039DE}.Release|Any CPU.ActiveCfg = Release|Any CPU
		{C302630A-895F-4E80-87C3-E86C97F039DE}.Release|Any CPU.Build.0 = Release|Any CPU
	EndGlobalSection
EndGlobal
